// !$*UTF8*$!
{
	archiveVersion = 1;
	classes = {
	};
	objectVersion = 56;
	objects = {

/* Begin PBXBuildFile section */
		21CCC1782C7350B0007FE686 /* ReaddleElevatorApp.swift in Sources */ = {isa = PBXBuildFile; fileRef = 21CCC1772C7350B0007FE686 /* ReaddleElevatorApp.swift */; };
		21CCC17C2C7350B1007FE686 /* Assets.xcassets in Resources */ = {isa = PBXBuildFile; fileRef = 21CCC17B2C7350B1007FE686 /* Assets.xcassets */; };
		21CCC17F2C7350B1007FE686 /* Preview Assets.xcassets in Resources */ = {isa = PBXBuildFile; fileRef = 21CCC17E2C7350B1007FE686 /* Preview Assets.xcassets */; };
		21CCC1862C7352E1007FE686 /* ElevatorScreen.swift in Sources */ = {isa = PBXBuildFile; fileRef = 21CCC1852C7352E1007FE686 /* ElevatorScreen.swift */; };
		21CCC1892C735305007FE686 /* FloorView.swift in Sources */ = {isa = PBXBuildFile; fileRef = 21CCC1882C735305007FE686 /* FloorView.swift */; };
		21CCC18B2C735313007FE686 /* FloorPanelView.swift in Sources */ = {isa = PBXBuildFile; fileRef = 21CCC18A2C735313007FE686 /* FloorPanelView.swift */; };
		21CCC18D2C735349007FE686 /* ElevatorView.swift in Sources */ = {isa = PBXBuildFile; fileRef = 21CCC18C2C735349007FE686 /* ElevatorView.swift */; };
		21CCC18F2C7359F3007FE686 /* ControlPowerUnitView.swift in Sources */ = {isa = PBXBuildFile; fileRef = 21CCC18E2C7359F3007FE686 /* ControlPowerUnitView.swift */; };
		21CCC1932C735B60007FE686 /* ElevatorViewModel.swift in Sources */ = {isa = PBXBuildFile; fileRef = 21CCC1922C735B60007FE686 /* ElevatorViewModel.swift */; };
/* End PBXBuildFile section */

/* Begin PBXFileReference section */
		21CCC1742C7350B0007FE686 /* ReaddleElevator.app */ = {isa = PBXFileReference; explicitFileType = wrapper.application; includeInIndex = 0; path = ReaddleElevator.app; sourceTree = BUILT_PRODUCTS_DIR; };
		21CCC1772C7350B0007FE686 /* ReaddleElevatorApp.swift */ = {isa = PBXFileReference; lastKnownFileType = sourcecode.swift; path = ReaddleElevatorApp.swift; sourceTree = "<group>"; };
		21CCC17B2C7350B1007FE686 /* Assets.xcassets */ = {isa = PBXFileReference; lastKnownFileType = folder.assetcatalog; path = Assets.xcassets; sourceTree = "<group>"; };
		21CCC17E2C7350B1007FE686 /* Preview Assets.xcassets */ = {isa = PBXFileReference; lastKnownFileType = folder.assetcatalog; path = "Preview Assets.xcassets"; sourceTree = "<group>"; };
		21CCC1852C7352E1007FE686 /* ElevatorScreen.swift */ = {isa = PBXFileReference; lastKnownFileType = sourcecode.swift; path = ElevatorScreen.swift; sourceTree = "<group>"; };
		21CCC1882C735305007FE686 /* FloorView.swift */ = {isa = PBXFileReference; lastKnownFileType = sourcecode.swift; path = FloorView.swift; sourceTree = "<group>"; };
		21CCC18A2C735313007FE686 /* FloorPanelView.swift */ = {isa = PBXFileReference; lastKnownFileType = sourcecode.swift; path = FloorPanelView.swift; sourceTree = "<group>"; };
		21CCC18C2C735349007FE686 /* ElevatorView.swift */ = {isa = PBXFileReference; lastKnownFileType = sourcecode.swift; path = ElevatorView.swift; sourceTree = "<group>"; };
		21CCC18E2C7359F3007FE686 /* ControlPowerUnitView.swift */ = {isa = PBXFileReference; lastKnownFileType = sourcecode.swift; path = ControlPowerUnitView.swift; sourceTree = "<group>"; };
		21CCC1922C735B60007FE686 /* ElevatorViewModel.swift */ = {isa = PBXFileReference; lastKnownFileType = sourcecode.swift; path = ElevatorViewModel.swift; sourceTree = "<group>"; };
/* End PBXFileReference section */

/* Begin PBXFrameworksBuildPhase section */
		21CCC1712C7350B0007FE686 /* Frameworks */ = {
			isa = PBXFrameworksBuildPhase;
			buildActionMask = 2147483647;
			files = (
			);
			runOnlyForDeploymentPostprocessing = 0;
		};
/* End PBXFrameworksBuildPhase section */

/* Begin PBXGroup section */
		21CCC16B2C7350B0007FE686 = {
			isa = PBXGroup;
			children = (
				21CCC1762C7350B0007FE686 /* ReaddleElevator */,
				21CCC1752C7350B0007FE686 /* Products */,
			);
			sourceTree = "<group>";
		};
		21CCC1752C7350B0007FE686 /* Products */ = {
			isa = PBXGroup;
			children = (
				21CCC1742C7350B0007FE686 /* ReaddleElevator.app */,
			);
			name = Products;
			sourceTree = "<group>";
		};
		21CCC1762C7350B0007FE686 /* ReaddleElevator */ = {
			isa = PBXGroup;
			children = (
				21CCC1902C735B4F007FE686 /* Features */,
				21CCC1872C7352EB007FE686 /* Components */,
				21CCC1772C7350B0007FE686 /* ReaddleElevatorApp.swift */,
				21CCC17B2C7350B1007FE686 /* Assets.xcassets */,
				21CCC17D2C7350B1007FE686 /* Preview Content */,
			);
			path = ReaddleElevator;
			sourceTree = "<group>";
		};
		21CCC17D2C7350B1007FE686 /* Preview Content */ = {
			isa = PBXGroup;
			children = (
				21CCC17E2C7350B1007FE686 /* Preview Assets.xcassets */,
			);
			path = "Preview Content";
			sourceTree = "<group>";
		};
		21CCC1872C7352EB007FE686 /* Components */ = {
			isa = PBXGroup;
			children = (
				21CCC1882C735305007FE686 /* FloorView.swift */,
				21CCC18E2C7359F3007FE686 /* ControlPowerUnitView.swift */,
				21CCC18A2C735313007FE686 /* FloorPanelView.swift */,
				21CCC18C2C735349007FE686 /* ElevatorView.swift */,
			);
			path = Components;
			sourceTree = "<group>";
		};
		21CCC1902C735B4F007FE686 /* Features */ = {
			isa = PBXGroup;
			children = (
				21CCC1912C735B54007FE686 /* Elevator */,
			);
			path = Features;
			sourceTree = "<group>";
		};
		21CCC1912C735B54007FE686 /* Elevator */ = {
			isa = PBXGroup;
			children = (
				21CCC1852C7352E1007FE686 /* ElevatorScreen.swift */,
				21CCC1922C735B60007FE686 /* ElevatorViewModel.swift */,
			);
			path = Elevator;
			sourceTree = "<group>";
		};
/* End PBXGroup section */

/* Begin PBXNativeTarget section */
		21CCC1732C7350B0007FE686 /* ReaddleElevator */ = {
			isa = PBXNativeTarget;
			buildConfigurationList = 21CCC1822C7350B1007FE686 /* Build configuration list for PBXNativeTarget "ReaddleElevator" */;
			buildPhases = (
				21CCC1702C7350B0007FE686 /* Sources */,
				21CCC1712C7350B0007FE686 /* Frameworks */,
				21CCC1722C7350B0007FE686 /* Resources */,
			);
			buildRules = (
			);
			dependencies = (
			);
			name = ReaddleElevator;
			productName = ReaddleElevator;
			productReference = 21CCC1742C7350B0007FE686 /* ReaddleElevator.app */;
			productType = "com.apple.product-type.application";
		};
/* End PBXNativeTarget section */

/* Begin PBXProject section */
		21CCC16C2C7350B0007FE686 /* Project object */ = {
			isa = PBXProject;
			attributes = {
				BuildIndependentTargetsInParallel = 1;
				LastSwiftUpdateCheck = 1500;
				LastUpgradeCheck = 1500;
				TargetAttributes = {
					21CCC1732C7350B0007FE686 = {
						CreatedOnToolsVersion = 15.0;
					};
				};
			};
			buildConfigurationList = 21CCC16F2C7350B0007FE686 /* Build configuration list for PBXProject "ReaddleElevator" */;
			compatibilityVersion = "Xcode 14.0";
			developmentRegion = en;
			hasScannedForEncodings = 0;
			knownRegions = (
				en,
				Base,
			);
			mainGroup = 21CCC16B2C7350B0007FE686;
			productRefGroup = 21CCC1752C7350B0007FE686 /* Products */;
			projectDirPath = "";
			projectRoot = "";
			targets = (
				21CCC1732C7350B0007FE686 /* ReaddleElevator */,
			);
		};
/* End PBXProject section */

/* Begin PBXResourcesBuildPhase section */
		21CCC1722C7350B0007FE686 /* Resources */ = {
			isa = PBXResourcesBuildPhase;
			buildActionMask = 2147483647;
			files = (
				21CCC17F2C7350B1007FE686 /* Preview Assets.xcassets in Resources */,
				21CCC17C2C7350B1007FE686 /* Assets.xcassets in Resources */,
			);
			runOnlyForDeploymentPostprocessing = 0;
		};
/* End PBXResourcesBuildPhase section */

/* Begin PBXSourcesBuildPhase section */
		21CCC1702C7350B0007FE686 /* Sources */ = {
			isa = PBXSourcesBuildPhase;
			buildActionMask = 2147483647;
			files = (
				21CCC1862C7352E1007FE686 /* ElevatorScreen.swift in Sources */,
				21CCC1782C7350B0007FE686 /* ReaddleElevatorApp.swift in Sources */,
				21CCC18F2C7359F3007FE686 /* ControlPowerUnitView.swift in Sources */,
				21CCC18B2C735313007FE686 /* FloorPanelView.swift in Sources */,
				21CCC1892C735305007FE686 /* FloorView.swift in Sources */,
				21CCC1932C735B60007FE686 /* ElevatorViewModel.swift in Sources */,
				21CCC18D2C735349007FE686 /* ElevatorView.swift in Sources */,
			);
			runOnlyForDeploymentPostprocessing = 0;
		};
/* End PBXSourcesBuildPhase section */

/* Begin XCBuildConfiguration section */
		21CCC1802C7350B1007FE686 /* Debug */ = {
			isa = XCBuildConfiguration;
			buildSettings = {
				ALWAYS_SEARCH_USER_PATHS = NO;
				ASSETCATALOG_COMPILER_GENERATE_SWIFT_ASSET_SYMBOL_EXTENSIONS = YES;
				CLANG_ANALYZER_NONNULL = YES;
				CLANG_ANALYZER_NUMBER_OBJECT_CONVERSION = YES_AGGRESSIVE;
				CLANG_CXX_LANGUAGE_STANDARD = "gnu++20";
				CLANG_ENABLE_MODULES = YES;
				CLANG_ENABLE_OBJC_ARC = YES;
				CLANG_ENABLE_OBJC_WEAK = YES;
				CLANG_WARN_BLOCK_CAPTURE_AUTORELEASING = YES;
				CLANG_WARN_BOOL_CONVERSION = YES;
				CLANG_WARN_COMMA = YES;
				CLANG_WARN_CONSTANT_CONVERSION = YES;
				CLANG_WARN_DEPRECATED_OBJC_IMPLEMENTATIONS = YES;
				CLANG_WARN_DIRECT_OBJC_ISA_USAGE = YES_ERROR;
				CLANG_WARN_DOCUMENTATION_COMMENTS = YES;
				CLANG_WARN_EMPTY_BODY = YES;
				CLANG_WARN_ENUM_CONVERSION = YES;
				CLANG_WARN_INFINITE_RECURSION = YES;
				CLANG_WARN_INT_CONVERSION = YES;
				CLANG_WARN_NON_LITERAL_NULL_CONVERSION = YES;
				CLANG_WARN_OBJC_IMPLICIT_RETAIN_SELF = YES;
				CLANG_WARN_OBJC_LITERAL_CONVERSION = YES;
				CLANG_WARN_OBJC_ROOT_CLASS = YES_ERROR;
				CLANG_WARN_QUOTED_INCLUDE_IN_FRAMEWORK_HEADER = YES;
				CLANG_WARN_RANGE_LOOP_ANALYSIS = YES;
				CLANG_WARN_STRICT_PROTOTYPES = YES;
				CLANG_WARN_SUSPICIOUS_MOVE = YES;
				CLANG_WARN_UNGUARDED_AVAILABILITY = YES_AGGRESSIVE;
				CLANG_WARN_UNREACHABLE_CODE = YES;
				CLANG_WARN__DUPLICATE_METHOD_MATCH = YES;
				COPY_PHASE_STRIP = NO;
				DEBUG_INFORMATION_FORMAT = dwarf;
				ENABLE_STRICT_OBJC_MSGSEND = YES;
				ENABLE_TESTABILITY = YES;
				ENABLE_USER_SCRIPT_SANDBOXING = YES;
				GCC_C_LANGUAGE_STANDARD = gnu17;
				GCC_DYNAMIC_NO_PIC = NO;
				GCC_NO_COMMON_BLOCKS = YES;
				GCC_OPTIMIZATION_LEVEL = 0;
				GCC_PREPROCESSOR_DEFINITIONS = (
					"DEBUG=1",
					"$(inherited)",
				);
				GCC_WARN_64_TO_32_BIT_CONVERSION = YES;
				GCC_WARN_ABOUT_RETURN_TYPE = YES_ERROR;
				GCC_WARN_UNDECLARED_SELECTOR = YES;
				GCC_WARN_UNINITIALIZED_AUTOS = YES_AGGRESSIVE;
				GCC_WARN_UNUSED_FUNCTION = YES;
				GCC_WARN_UNUSED_VARIABLE = YES;
				IPHONEOS_DEPLOYMENT_TARGET = 17.0;
				LOCALIZATION_PREFERS_STRING_CATALOGS = YES;
				MTL_ENABLE_DEBUG_INFO = INCLUDE_SOURCE;
				MTL_FAST_MATH = YES;
				ONLY_ACTIVE_ARCH = YES;
				SDKROOT = iphoneos;
				SWIFT_ACTIVE_COMPILATION_CONDITIONS = "DEBUG $(inherited)";
				SWIFT_OPTIMIZATION_LEVEL = "-Onone";
			};
			name = Debug;
		};
		21CCC1812C7350B1007FE686 /* Release */ = {
			isa = XCBuildConfiguration;
			buildSettings = {
				ALWAYS_SEARCH_USER_PATHS = NO;
				ASSETCATALOG_COMPILER_GENERATE_SWIFT_ASSET_SYMBOL_EXTENSIONS = YES;
				CLANG_ANALYZER_NONNULL = YES;
				CLANG_ANALYZER_NUMBER_OBJECT_CONVERSION = YES_AGGRESSIVE;
				CLANG_CXX_LANGUAGE_STANDARD = "gnu++20";
				CLANG_ENABLE_MODULES = YES;
				CLANG_ENABLE_OBJC_ARC = YES;
				CLANG_ENABLE_OBJC_WEAK = YES;
				CLANG_WARN_BLOCK_CAPTURE_AUTORELEASING = YES;
				CLANG_WARN_BOOL_CONVERSION = YES;
				CLANG_WARN_COMMA = YES;
				CLANG_WARN_CONSTANT_CONVERSION = YES;
				CLANG_WARN_DEPRECATED_OBJC_IMPLEMENTATIONS = YES;
				CLANG_WARN_DIRECT_OBJC_ISA_USAGE = YES_ERROR;
				CLANG_WARN_DOCUMENTATION_COMMENTS = YES;
				CLANG_WARN_EMPTY_BODY = YES;
				CLANG_WARN_ENUM_CONVERSION = YES;
				CLANG_WARN_INFINITE_RECURSION = YES;
				CLANG_WARN_INT_CONVERSION = YES;
				CLANG_WARN_NON_LITERAL_NULL_CONVERSION = YES;
				CLANG_WARN_OBJC_IMPLICIT_RETAIN_SELF = YES;
				CLANG_WARN_OBJC_LITERAL_CONVERSION = YES;
				CLANG_WARN_OBJC_ROOT_CLASS = YES_ERROR;
				CLANG_WARN_QUOTED_INCLUDE_IN_FRAMEWORK_HEADER = YES;
				CLANG_WARN_RANGE_LOOP_ANALYSIS = YES;
				CLANG_WARN_STRICT_PROTOTYPES = YES;
				CLANG_WARN_SUSPICIOUS_MOVE = YES;
				CLANG_WARN_UNGUARDED_AVAILABILITY = YES_AGGRESSIVE;
				CLANG_WARN_UNREACHABLE_CODE = YES;
				CLANG_WARN__DUPLICATE_METHOD_MATCH = YES;
				COPY_PHASE_STRIP = NO;
				DEBUG_INFORMATION_FORMAT = "dwarf-with-dsym";
				ENABLE_NS_ASSERTIONS = NO;
				ENABLE_STRICT_OBJC_MSGSEND = YES;
				ENABLE_USER_SCRIPT_SANDBOXING = YES;
				GCC_C_LANGUAGE_STANDARD = gnu17;
				GCC_NO_COMMON_BLOCKS = YES;
				GCC_WARN_64_TO_32_BIT_CONVERSION = YES;
				GCC_WARN_ABOUT_RETURN_TYPE = YES_ERROR;
				GCC_WARN_UNDECLARED_SELECTOR = YES;
				GCC_WARN_UNINITIALIZED_AUTOS = YES_AGGRESSIVE;
				GCC_WARN_UNUSED_FUNCTION = YES;
				GCC_WARN_UNUSED_VARIABLE = YES;
				IPHONEOS_DEPLOYMENT_TARGET = 17.0;
				LOCALIZATION_PREFERS_STRING_CATALOGS = YES;
				MTL_ENABLE_DEBUG_INFO = NO;
				MTL_FAST_MATH = YES;
				SDKROOT = iphoneos;
				SWIFT_COMPILATION_MODE = wholemodule;
				VALIDATE_PRODUCT = YES;
			};
			name = Release;
		};
		21CCC1832C7350B1007FE686 /* Debug */ = {
			isa = XCBuildConfiguration;
			buildSettings = {
				ASSETCATALOG_COMPILER_APPICON_NAME = AppIcon;
				ASSETCATALOG_COMPILER_GLOBAL_ACCENT_COLOR_NAME = AccentColor;
				CODE_SIGN_STYLE = Automatic;
				CURRENT_PROJECT_VERSION = 1;
				DEVELOPMENT_ASSET_PATHS = "\"ReaddleElevator/Preview Content\"";
				DEVELOPMENT_TEAM = Z8YT8A2XZ2;
				ENABLE_PREVIEWS = YES;
				GENERATE_INFOPLIST_FILE = YES;
				INFOPLIST_KEY_UIApplicationSceneManifest_Generation = YES;
				INFOPLIST_KEY_UIApplicationSupportsIndirectInputEvents = YES;
				INFOPLIST_KEY_UILaunchScreen_Generation = YES;
				INFOPLIST_KEY_UISupportedInterfaceOrientations_iPad = "UIInterfaceOrientationPortrait UIInterfaceOrientationPortraitUpsideDown UIInterfaceOrientationLandscapeLeft UIInterfaceOrientationLandscapeRight";
				INFOPLIST_KEY_UISupportedInterfaceOrientations_iPhone = "UIInterfaceOrientationPortrait UIInterfaceOrientationLandscapeLeft UIInterfaceOrientationLandscapeRight";
				LD_RUNPATH_SEARCH_PATHS = (
					"$(inherited)",
					"@executable_path/Frameworks",
				);
				MARKETING_VERSION = 1.0;
				PRODUCT_BUNDLE_IDENTIFIER = yk.ReaddleElevator;
				PRODUCT_NAME = "$(TARGET_NAME)";
				SWIFT_EMIT_LOC_STRINGS = YES;
				SWIFT_VERSION = 5.0;
				TARGETED_DEVICE_FAMILY = "1,2";
			};
			name = Debug;
		};
		21CCC1842C7350B1007FE686 /* Release */ = {
			isa = XCBuildConfiguration;
			buildSettings = {
				ASSETCATALOG_COMPILER_APPICON_NAME = AppIcon;
				ASSETCATALOG_COMPILER_GLOBAL_ACCENT_COLOR_NAME = AccentColor;
				CODE_SIGN_STYLE = Automatic;
				CURRENT_PROJECT_VERSION = 1;
				DEVELOPMENT_ASSET_PATHS = "\"ReaddleElevator/Preview Content\"";
				DEVELOPMENT_TEAM = Z8YT8A2XZ2;
				ENABLE_PREVIEWS = YES;
				GENERATE_INFOPLIST_FILE = YES;
				INFOPLIST_KEY_UIApplicationSceneManifest_Generation = YES;
				INFOPLIST_KEY_UIApplicationSupportsIndirectInputEvents = YES;
				INFOPLIST_KEY_UILaunchScreen_Generation = YES;
				INFOPLIST_KEY_UISupportedInterfaceOrientations_iPad = "UIInterfaceOrientationPortrait UIInterfaceOrientationPortraitUpsideDown UIInterfaceOrientationLandscapeLeft UIInterfaceOrientationLandscapeRight";
				INFOPLIST_KEY_UISupportedInterfaceOrientations_iPhone = "UIInterfaceOrientationPortrait UIInterfaceOrientationLandscapeLeft UIInterfaceOrientationLandscapeRight";
				LD_RUNPATH_SEARCH_PATHS = (
					"$(inherited)",
					"@executable_path/Frameworks",
				);
				MARKETING_VERSION = 1.0;
				PRODUCT_BUNDLE_IDENTIFIER = yk.ReaddleElevator;
				PRODUCT_NAME = "$(TARGET_NAME)";
				SWIFT_EMIT_LOC_STRINGS = YES;
				SWIFT_VERSION = 5.0;
				TARGETED_DEVICE_FAMILY = "1,2";
			};
			name = Release;
		};
/* End XCBuildConfiguration section */

/* Begin XCConfigurationList section */
		21CCC16F2C7350B0007FE686 /* Build configuration list for PBXProject "ReaddleElevator" */ = {
			isa = XCConfigurationList;
			buildConfigurations = (
				21CCC1802C7350B1007FE686 /* Debug */,
				21CCC1812C7350B1007FE686 /* Release */,
			);
			defaultConfigurationIsVisible = 0;
			defaultConfigurationName = Release;
		};
		21CCC1822C7350B1007FE686 /* Build configuration list for PBXNativeTarget "ReaddleElevator" */ = {
			isa = XCConfigurationList;
			buildConfigurations = (
				21CCC1832C7350B1007FE686 /* Debug */,
				21CCC1842C7350B1007FE686 /* Release */,
			);
			defaultConfigurationIsVisible = 0;
			defaultConfigurationName = Release;
		};
/* End XCConfigurationList section */
	};
	rootObject = 21CCC16C2C7350B0007FE686 /* Project object */;
}
